
Microsoft Visual Studio Solution File, Format Version 12.00
# Visual Studio Version 16
VisualStudioVersion = 16.0.32106.194
MinimumVisualStudioVersion = 10.0.40219.1
Project("{9A19103F-16F7-4668-BE54-9A1E7A4F7556}") = "comuneProject.Server", "comuneProject\Server\comuneProject.Server.csproj", "{34B2F9F4-9ED4-4630-A54F-A470E2200F01}"
EndProject
Project("{9A19103F-16F7-4668-BE54-9A1E7A4F7556}") = "comuneProject.Client", "comuneProject\Client\comuneProject.Client.csproj", "{DAC51777-828F-4613-8321-E42D8D415701}"
EndProject
Project("{9A19103F-16F7-4668-BE54-9A1E7A4F7556}") = "comuneProject.Shared", "comuneProject\Shared\comuneProject.Shared.csproj", "{EBA79654-05DA-43FA-8702-F31DF8FF7519}"
EndProject
Global
	GlobalSection(SolutionConfigurationPlatforms) = preSolution
		Debug|Any CPU = Debug|Any CPU
		Release|Any CPU = Release|Any CPU
	EndGlobalSection
	GlobalSection(ProjectConfigurationPlatforms) = postSolution
		{34B2F9F4-9ED4-4630-A54F-A470E2200F01}.Debug|Any CPU.ActiveCfg = Debug|Any CPU
		{34B2F9F4-9ED4-4630-A54F-A470E2200F01}.Debug|Any CPU.Build.0 = Debug|Any CPU
		{34B2F9F4-9ED4-4630-A54F-A470E2200F01}.Release|Any CPU.ActiveCfg = Release|Any CPU
		{34B2F9F4-9ED4-4630-A54F-A470E2200F01}.Release|Any CPU.Build.0 = Release|Any CPU
		{DAC51777-828F-4613-8321-E42D8D415701}.Debug|Any CPU.ActiveCfg = Debug|Any CPU
		{DAC51777-828F-4613-8321-E42D8D415701}.Debug|Any CPU.Build.0 = Debug|Any CPU
		{DAC51777-828F-4613-8321-E42D8D415701}.Release|Any CPU.ActiveCfg = Release|Any CPU
		{DAC51777-828F-4613-8321-E42D8D415701}.Release|Any CPU.Build.0 = Release|Any CPU
		{EBA79654-05DA-43FA-8702-F31DF8FF7519}.Debug|Any CPU.ActiveCfg = Debug|Any CPU
		{EBA79654-05DA-43FA-8702-F31DF8FF7519}.Debug|Any CPU.Build.0 = Debug|Any CPU
		{EBA79654-05DA-43FA-8702-F31DF8FF7519}.Release|Any CPU.ActiveCfg = Release|Any CPU
		{EBA79654-05DA-43FA-8702-F31DF8FF7519}.Release|Any CPU.Build.0 = Release|Any CPU
	EndGlobalSection
	GlobalSection(SolutionProperties) = preSolution
		HideSolutionNode = FALSE
	EndGlobalSection
	GlobalSection(ExtensibilityGlobals) = postSolution
		SolutionGuid = {D29EFCAA-7DC8-4FB0-A783-11C09664E930}
	EndGlobalSection
EndGlobal
